
Microsoft Visual Studio Solution File, Format Version 12.00
# Visual Studio 15
VisualStudioVersion = 15.0.27703.2042
MinimumVisualStudioVersion = 10.0.40219.1
Project("{FAE04EC0-301F-11D3-BF4B-00C04F79EFBC}") = "BussinesLogic", "BussinesLogic\BussinesLogic.csproj", "{CD9CE317-E189-4FFD-9FE4-66DF0AEDBEA7}"
EndProject
Project("{FAE04EC0-301F-11D3-BF4B-00C04F79EFBC}") = "DataAccess", "DataAccess\DataAccess.csproj", "{D81F93D0-F78F-42FF-87AA-324BDC2E69E2}"
EndProject
Project("{FAE04EC0-301F-11D3-BF4B-00C04F79EFBC}") = "SchemaDataBase", "SchemaDataBase\SchemaDataBase.csproj", "{D7E11CB0-4B2D-47FF-B548-24171B63471B}"
EndProject
Project("{FAE04EC0-301F-11D3-BF4B-00C04F79EFBC}") = "Models", "Models\Models.csproj", "{59741FD3-2279-4F69-A64A-B1D88B4B0F79}"
EndProject
Project("{FAE04EC0-301F-11D3-BF4B-00C04F79EFBC}") = "WebApplication", "WebApplication\WebApplication.csproj", "{4E93F22C-ED0B-48CF-8D60-8D454ADE0317}"
EndProject
Global
	GlobalSection(SolutionConfigurationPlatforms) = preSolution
		Debug|Any CPU = Debug|Any CPU
		Release|Any CPU = Release|Any CPU
	EndGlobalSection
	GlobalSection(ProjectConfigurationPlatforms) = postSolution
		{CD9CE317-E189-4FFD-9FE4-66DF0AEDBEA7}.Debug|Any CPU.ActiveCfg = Debug|Any CPU
		{CD9CE317-E189-4FFD-9FE4-66DF0AEDBEA7}.Debug|Any CPU.Build.0 = Debug|Any CPU
		{CD9CE317-E189-4FFD-9FE4-66DF0AEDBEA7}.Release|Any CPU.ActiveCfg = Release|Any CPU
		{CD9CE317-E189-4FFD-9FE4-66DF0AEDBEA7}.Release|Any CPU.Build.0 = Release|Any CPU
		{D81F93D0-F78F-42FF-87AA-324BDC2E69E2}.Debug|Any CPU.ActiveCfg = Debug|Any CPU
		{D81F93D0-F78F-42FF-87AA-324BDC2E69E2}.Debug|Any CPU.Build.0 = Debug|Any CPU
		{D81F93D0-F78F-42FF-87AA-324BDC2E69E2}.Release|Any CPU.ActiveCfg = Release|Any CPU
		{D81F93D0-F78F-42FF-87AA-324BDC2E69E2}.Release|Any CPU.Build.0 = Release|Any CPU
		{D7E11CB0-4B2D-47FF-B548-24171B63471B}.Debug|Any CPU.ActiveCfg = Debug|Any CPU
		{D7E11CB0-4B2D-47FF-B548-24171B63471B}.Debug|Any CPU.Build.0 = Debug|Any CPU
		{D7E11CB0-4B2D-47FF-B548-24171B63471B}.Release|Any CPU.ActiveCfg = Release|Any CPU
		{D7E11CB0-4B2D-47FF-B548-24171B63471B}.Release|Any CPU.Build.0 = Release|Any CPU
		{59741FD3-2279-4F69-A64A-B1D88B4B0F79}.Debug|Any CPU.ActiveCfg = Debug|Any CPU
		{59741FD3-2279-4F69-A64A-B1D88B4B0F79}.Debug|Any CPU.Build.0 = Debug|Any CPU
		{59741FD3-2279-4F69-A64A-B1D88B4B0F79}.Release|Any CPU.ActiveCfg = Release|Any CPU
		{59741FD3-2279-4F69-A64A-B1D88B4B0F79}.Release|Any CPU.Build.0 = Release|Any CPU
		{4E93F22C-ED0B-48CF-8D60-8D454ADE0317}.Debug|Any CPU.ActiveCfg = Debug|Any CPU
		{4E93F22C-ED0B-48CF-8D60-8D454ADE0317}.Debug|Any CPU.Build.0 = Debug|Any CPU
		{4E93F22C-ED0B-48CF-8D60-8D454ADE0317}.Release|Any CPU.ActiveCfg = Release|Any CPU
		{4E93F22C-ED0B-48CF-8D60-8D454ADE0317}.Release|Any CPU.Build.0 = Release|Any CPU
	EndGlobalSection
	GlobalSection(SolutionProperties) = preSolution
		HideSolutionNode = FALSE
	EndGlobalSection
	GlobalSection(ExtensibilityGlobals) = postSolution
		SolutionGuid = {14F6E811-B522-441F-90C8-F934F4C33160}
	EndGlobalSection
EndGlobal
